// !$*UTF8*$!
{
	archiveVersion = 1;
	classes = {
	};
	objectVersion = 52;
	objects = {

/* Begin PBXBuildFile section */
		4387498726F5B599006E4651 /* ExampleApp.swift in Sources */ = {isa = PBXBuildFile; fileRef = 4387498626F5B599006E4651 /* ExampleApp.swift */; };
		4387498B26F5B599006E4651 /* Assets.xcassets in Resources */ = {isa = PBXBuildFile; fileRef = 4387498A26F5B599006E4651 /* Assets.xcassets */; };
		4387498E26F5B599006E4651 /* Preview Assets.xcassets in Resources */ = {isa = PBXBuildFile; fileRef = 4387498D26F5B599006E4651 /* Preview Assets.xcassets */; };
		4387499726F5C137006E4651 /* MainView.swift in Sources */ = {isa = PBXBuildFile; fileRef = 4387499626F5C137006E4651 /* MainView.swift */; };
		4387499926F5C13E006E4651 /* InputField.swift in Sources */ = {isa = PBXBuildFile; fileRef = 4387499826F5C13E006E4651 /* InputField.swift */; };
		4387499C26F5C157006E4651 /* Symbolicator in Frameworks */ = {isa = PBXBuildFile; productRef = 4387499B26F5C157006E4651 /* Symbolicator */; };
		4387499E26F5C487006E4651 /* CSVDocument.swift in Sources */ = {isa = PBXBuildFile; fileRef = 4387499D26F5C487006E4651 /* CSVDocument.swift */; };
		438749A326F5D343006E4651 /* CSVParser.swift in Sources */ = {isa = PBXBuildFile; fileRef = 438749A226F5D343006E4651 /* CSVParser.swift */; };
		438749A526F5D3B4006E4651 /* CSV.swift in Sources */ = {isa = PBXBuildFile; fileRef = 438749A426F5D3B4006E4651 /* CSV.swift */; };
		438749A726F5F1F4006E4651 /* ProgressCover.swift in Sources */ = {isa = PBXBuildFile; fileRef = 438749A626F5F1F4006E4651 /* ProgressCover.swift */; };
		438749A926F5F39E006E4651 /* RecordCard.swift in Sources */ = {isa = PBXBuildFile; fileRef = 438749A826F5F39E006E4651 /* RecordCard.swift */; };
/* End PBXBuildFile section */

/* Begin PBXFileReference section */
		4387498326F5B599006E4651 /* Example.app */ = {isa = PBXFileReference; explicitFileType = wrapper.application; includeInIndex = 0; path = Example.app; sourceTree = BUILT_PRODUCTS_DIR; };
		4387498626F5B599006E4651 /* ExampleApp.swift */ = {isa = PBXFileReference; lastKnownFileType = sourcecode.swift; path = ExampleApp.swift; sourceTree = "<group>"; };
		4387498A26F5B599006E4651 /* Assets.xcassets */ = {isa = PBXFileReference; lastKnownFileType = folder.assetcatalog; path = Assets.xcassets; sourceTree = "<group>"; };
		4387498D26F5B599006E4651 /* Preview Assets.xcassets */ = {isa = PBXFileReference; lastKnownFileType = folder.assetcatalog; path = "Preview Assets.xcassets"; sourceTree = "<group>"; };
		4387498F26F5B599006E4651 /* Info.plist */ = {isa = PBXFileReference; lastKnownFileType = text.plist.xml; path = Info.plist; sourceTree = "<group>"; };
		4387499026F5B599006E4651 /* Example.entitlements */ = {isa = PBXFileReference; lastKnownFileType = text.plist.entitlements; path = Example.entitlements; sourceTree = "<group>"; };
		4387499626F5C137006E4651 /* MainView.swift */ = {isa = PBXFileReference; fileEncoding = 4; lastKnownFileType = sourcecode.swift; path = MainView.swift; sourceTree = "<group>"; };
		4387499826F5C13E006E4651 /* InputField.swift */ = {isa = PBXFileReference; fileEncoding = 4; lastKnownFileType = sourcecode.swift; path = InputField.swift; sourceTree = "<group>"; };
		4387499D26F5C487006E4651 /* CSVDocument.swift */ = {isa = PBXFileReference; fileEncoding = 4; lastKnownFileType = sourcecode.swift; path = CSVDocument.swift; sourceTree = "<group>"; };
		438749A226F5D343006E4651 /* CSVParser.swift */ = {isa = PBXFileReference; lastKnownFileType = sourcecode.swift; path = CSVParser.swift; sourceTree = "<group>"; };
		438749A426F5D3B4006E4651 /* CSV.swift */ = {isa = PBXFileReference; lastKnownFileType = sourcecode.swift; path = CSV.swift; sourceTree = "<group>"; };
		438749A626F5F1F4006E4651 /* ProgressCover.swift */ = {isa = PBXFileReference; fileEncoding = 4; lastKnownFileType = sourcecode.swift; path = ProgressCover.swift; sourceTree = "<group>"; };
		438749A826F5F39E006E4651 /* RecordCard.swift */ = {isa = PBXFileReference; fileEncoding = 4; lastKnownFileType = sourcecode.swift; path = RecordCard.swift; sourceTree = "<group>"; };
/* End PBXFileReference section */

/* Begin PBXFrameworksBuildPhase section */
		4387498026F5B599006E4651 /* Frameworks */ = {
			isa = PBXFrameworksBuildPhase;
			buildActionMask = 2147483647;
			files = (
				4387499C26F5C157006E4651 /* Symbolicator in Frameworks */,
			);
			runOnlyForDeploymentPostprocessing = 0;
		};
/* End PBXFrameworksBuildPhase section */

/* Begin PBXGroup section */
		4387497A26F5B598006E4651 = {
			isa = PBXGroup;
			children = (
				4387498526F5B599006E4651 /* Example */,
				4387498426F5B599006E4651 /* Products */,
				4387499A26F5C157006E4651 /* Frameworks */,
			);
			sourceTree = "<group>";
		};
		4387498426F5B599006E4651 /* Products */ = {
			isa = PBXGroup;
			children = (
				4387498326F5B599006E4651 /* Example.app */,
			);
			name = Products;
			sourceTree = "<group>";
		};
		4387498526F5B599006E4651 /* Example */ = {
			isa = PBXGroup;
			children = (
				4387498626F5B599006E4651 /* ExampleApp.swift */,
				4387499626F5C137006E4651 /* MainView.swift */,
				4387499826F5C13E006E4651 /* InputField.swift */,
				438749A626F5F1F4006E4651 /* ProgressCover.swift */,
				438749A826F5F39E006E4651 /* RecordCard.swift */,
				438749A126F5D32E006E4651 /* CSV */,
				4387498A26F5B599006E4651 /* Assets.xcassets */,
				4387498F26F5B599006E4651 /* Info.plist */,
				4387499026F5B599006E4651 /* Example.entitlements */,
				4387498C26F5B599006E4651 /* Preview Content */,
			);
			path = Example;
			sourceTree = "<group>";
		};
		4387498C26F5B599006E4651 /* Preview Content */ = {
			isa = PBXGroup;
			children = (
				4387498D26F5B599006E4651 /* Preview Assets.xcassets */,
			);
			path = "Preview Content";
			sourceTree = "<group>";
		};
		4387499A26F5C157006E4651 /* Frameworks */ = {
			isa = PBXGroup;
			children = (
			);
			name = Frameworks;
			sourceTree = "<group>";
		};
		438749A126F5D32E006E4651 /* CSV */ = {
			isa = PBXGroup;
			children = (
				438749A426F5D3B4006E4651 /* CSV.swift */,
				4387499D26F5C487006E4651 /* CSVDocument.swift */,
				438749A226F5D343006E4651 /* CSVParser.swift */,
			);
			path = CSV;
			sourceTree = "<group>";
		};
/* End PBXGroup section */

/* Begin PBXNativeTarget section */
		4387498226F5B599006E4651 /* Example */ = {
			isa = PBXNativeTarget;
			buildConfigurationList = 4387499326F5B599006E4651 /* Build configuration list for PBXNativeTarget "Example" */;
			buildPhases = (
				4387497F26F5B599006E4651 /* Sources */,
				4387498026F5B599006E4651 /* Frameworks */,
				4387498126F5B599006E4651 /* Resources */,
			);
			buildRules = (
			);
			dependencies = (
			);
			name = Example;
			packageProductDependencies = (
				4387499B26F5C157006E4651 /* Symbolicator */,
			);
			productName = Example;
			productReference = 4387498326F5B599006E4651 /* Example.app */;
			productType = "com.apple.product-type.application";
		};
/* End PBXNativeTarget section */

/* Begin PBXProject section */
		4387497B26F5B598006E4651 /* Project object */ = {
			isa = PBXProject;
			attributes = {
				LastSwiftUpdateCheck = 1250;
				LastUpgradeCheck = 1250;
				TargetAttributes = {
					4387498226F5B599006E4651 = {
						CreatedOnToolsVersion = 12.5;
					};
				};
			};
			buildConfigurationList = 4387497E26F5B598006E4651 /* Build configuration list for PBXProject "Example" */;
			compatibilityVersion = "Xcode 9.3";
			developmentRegion = en;
			hasScannedForEncodings = 0;
			knownRegions = (
				en,
				Base,
			);
			mainGroup = 4387497A26F5B598006E4651;
			productRefGroup = 4387498426F5B599006E4651 /* Products */;
			projectDirPath = "";
			projectRoot = "";
			targets = (
				4387498226F5B599006E4651 /* Example */,
			);
		};
/* End PBXProject section */

/* Begin PBXResourcesBuildPhase section */
		4387498126F5B599006E4651 /* Resources */ = {
			isa = PBXResourcesBuildPhase;
			buildActionMask = 2147483647;
			files = (
				4387498E26F5B599006E4651 /* Preview Assets.xcassets in Resources */,
				4387498B26F5B599006E4651 /* Assets.xcassets in Resources */,
			);
			runOnlyForDeploymentPostprocessing = 0;
		};
/* End PBXResourcesBuildPhase section */

/* Begin PBXSourcesBuildPhase section */
		4387497F26F5B599006E4651 /* Sources */ = {
			isa = PBXSourcesBuildPhase;
			buildActionMask = 2147483647;
			files = (
				4387498726F5B599006E4651 /* ExampleApp.swift in Sources */,
				4387499726F5C137006E4651 /* MainView.swift in Sources */,
				438749A526F5D3B4006E4651 /* CSV.swift in Sources */,
				438749A726F5F1F4006E4651 /* ProgressCover.swift in Sources */,
				438749A926F5F39E006E4651 /* RecordCard.swift in Sources */,
				4387499926F5C13E006E4651 /* InputField.swift in Sources */,
				4387499E26F5C487006E4651 /* CSVDocument.swift in Sources */,
				438749A326F5D343006E4651 /* CSVParser.swift in Sources */,
			);
			runOnlyForDeploymentPostprocessing = 0;
		};
/* End PBXSourcesBuildPhase section */

/* Begin XCBuildConfiguration section */
		4387499126F5B599006E4651 /* Debug */ = {
			isa = XCBuildConfiguration;
			buildSettings = {
				ALWAYS_SEARCH_USER_PATHS = NO;
				CLANG_ANALYZER_NONNULL = YES;
				CLANG_ANALYZER_NUMBER_OBJECT_CONVERSION = YES_AGGRESSIVE;
				CLANG_CXX_LANGUAGE_STANDARD = "gnu++14";
				CLANG_CXX_LIBRARY = "libc++";
				CLANG_ENABLE_MODULES = YES;
				CLANG_ENABLE_OBJC_ARC = YES;
				CLANG_ENABLE_OBJC_WEAK = YES;
				CLANG_WARN_BLOCK_CAPTURE_AUTORELEASING = YES;
				CLANG_WARN_BOOL_CONVERSION = YES;
				CLANG_WARN_COMMA = YES;
				CLANG_WARN_CONSTANT_CONVERSION = YES;
				CLANG_WARN_DEPRECATED_OBJC_IMPLEMENTATIONS = YES;
				CLANG_WARN_DIRECT_OBJC_ISA_USAGE = YES_ERROR;
				CLANG_WARN_DOCUMENTATION_COMMENTS = YES;
				CLANG_WARN_EMPTY_BODY = YES;
				CLANG_WARN_ENUM_CONVERSION = YES;
				CLANG_WARN_INFINITE_RECURSION = YES;
				CLANG_WARN_INT_CONVERSION = YES;
				CLANG_WARN_NON_LITERAL_NULL_CONVERSION = YES;
				CLANG_WARN_OBJC_IMPLICIT_RETAIN_SELF = YES;
				CLANG_WARN_OBJC_LITERAL_CONVERSION = YES;
				CLANG_WARN_OBJC_ROOT_CLASS = YES_ERROR;
				CLANG_WARN_QUOTED_INCLUDE_IN_FRAMEWORK_HEADER = YES;
				CLANG_WARN_RANGE_LOOP_ANALYSIS = YES;
				CLANG_WARN_STRICT_PROTOTYPES = YES;
				CLANG_WARN_SUSPICIOUS_MOVE = YES;
				CLANG_WARN_UNGUARDED_AVAILABILITY = YES_AGGRESSIVE;
				CLANG_WARN_UNREACHABLE_CODE = YES;
				CLANG_WARN__DUPLICATE_METHOD_MATCH = YES;
				COPY_PHASE_STRIP = NO;
				DEBUG_INFORMATION_FORMAT = dwarf;
				ENABLE_STRICT_OBJC_MSGSEND = YES;
				ENABLE_TESTABILITY = YES;
				GCC_C_LANGUAGE_STANDARD = gnu11;
				GCC_DYNAMIC_NO_PIC = NO;
				GCC_NO_COMMON_BLOCKS = YES;
				GCC_OPTIMIZATION_LEVEL = 0;
				GCC_PREPROCESSOR_DEFINITIONS = (
					"DEBUG=1",
					"$(inherited)",
				);
				GCC_WARN_64_TO_32_BIT_CONVERSION = YES;
				GCC_WARN_ABOUT_RETURN_TYPE = YES_ERROR;
				GCC_WARN_UNDECLARED_SELECTOR = YES;
				GCC_WARN_UNINITIALIZED_AUTOS = YES_AGGRESSIVE;
				GCC_WARN_UNUSED_FUNCTION = YES;
				GCC_WARN_UNUSED_VARIABLE = YES;
				MACOSX_DEPLOYMENT_TARGET = 11.3;
				MTL_ENABLE_DEBUG_INFO = INCLUDE_SOURCE;
				MTL_FAST_MATH = YES;
				ONLY_ACTIVE_ARCH = YES;
				SDKROOT = macosx;
				SWIFT_ACTIVE_COMPILATION_CONDITIONS = DEBUG;
				SWIFT_OPTIMIZATION_LEVEL = "-Onone";
			};
			name = Debug;
		};
		4387499226F5B599006E4651 /* Release */ = {
			isa = XCBuildConfiguration;
			buildSettings = {
				ALWAYS_SEARCH_USER_PATHS = NO;
				CLANG_ANALYZER_NONNULL = YES;
				CLANG_ANALYZER_NUMBER_OBJECT_CONVERSION = YES_AGGRESSIVE;
				CLANG_CXX_LANGUAGE_STANDARD = "gnu++14";
				CLANG_CXX_LIBRARY = "libc++";
				CLANG_ENABLE_MODULES = YES;
				CLANG_ENABLE_OBJC_ARC = YES;
				CLANG_ENABLE_OBJC_WEAK = YES;
				CLANG_WARN_BLOCK_CAPTURE_AUTORELEASING = YES;
				CLANG_WARN_BOOL_CONVERSION = YES;
				CLANG_WARN_COMMA = YES;
				CLANG_WARN_CONSTANT_CONVERSION = YES;
				CLANG_WARN_DEPRECATED_OBJC_IMPLEMENTATIONS = YES;
				CLANG_WARN_DIRECT_OBJC_ISA_USAGE = YES_ERROR;
				CLANG_WARN_DOCUMENTATION_COMMENTS = YES;
				CLANG_WARN_EMPTY_BODY = YES;
				CLANG_WARN_ENUM_CONVERSION = YES;
				CLANG_WARN_INFINITE_RECURSION = YES;
				CLANG_WARN_INT_CONVERSION = YES;
				CLANG_WARN_NON_LITERAL_NULL_CONVERSION = YES;
				CLANG_WARN_OBJC_IMPLICIT_RETAIN_SELF = YES;
				CLANG_WARN_OBJC_LITERAL_CONVERSION = YES;
				CLANG_WARN_OBJC_ROOT_CLASS = YES_ERROR;
				CLANG_WARN_QUOTED_INCLUDE_IN_FRAMEWORK_HEADER = YES;
				CLANG_WARN_RANGE_LOOP_ANALYSIS = YES;
				CLANG_WARN_STRICT_PROTOTYPES = YES;
				CLANG_WARN_SUSPICIOUS_MOVE = YES;
				CLANG_WARN_UNGUARDED_AVAILABILITY = YES_AGGRESSIVE;
				CLANG_WARN_UNREACHABLE_CODE = YES;
				CLANG_WARN__DUPLICATE_METHOD_MATCH = YES;
				COPY_PHASE_STRIP = NO;
				DEBUG_INFORMATION_FORMAT = "dwarf-with-dsym";
				ENABLE_NS_ASSERTIONS = NO;
				ENABLE_STRICT_OBJC_MSGSEND = YES;
				GCC_C_LANGUAGE_STANDARD = gnu11;
				GCC_NO_COMMON_BLOCKS = YES;
				GCC_WARN_64_TO_32_BIT_CONVERSION = YES;
				GCC_WARN_ABOUT_RETURN_TYPE = YES_ERROR;
				GCC_WARN_UNDECLARED_SELECTOR = YES;
				GCC_WARN_UNINITIALIZED_AUTOS = YES_AGGRESSIVE;
				GCC_WARN_UNUSED_FUNCTION = YES;
				GCC_WARN_UNUSED_VARIABLE = YES;
				MACOSX_DEPLOYMENT_TARGET = 11.3;
				MTL_ENABLE_DEBUG_INFO = NO;
				MTL_FAST_MATH = YES;
				SDKROOT = macosx;
				SWIFT_COMPILATION_MODE = wholemodule;
				SWIFT_OPTIMIZATION_LEVEL = "-O";
			};
			name = Release;
		};
		4387499426F5B599006E4651 /* Debug */ = {
			isa = XCBuildConfiguration;
			buildSettings = {
				ASSETCATALOG_COMPILER_APPICON_NAME = AppIcon;
				ASSETCATALOG_COMPILER_GLOBAL_ACCENT_COLOR_NAME = AccentColor;
				CODE_SIGN_ENTITLEMENTS = Example/ExampleDebug.entitlements;
				CODE_SIGN_STYLE = Automatic;
				COMBINE_HIDPI_IMAGES = YES;
				DEVELOPMENT_ASSET_PATHS = "\"Example/Preview Content\"";
				DEVELOPMENT_TEAM = QTG7MUN42X;
				ENABLE_HARDENED_RUNTIME = YES;
				ENABLE_PREVIEWS = YES;
				INFOPLIST_FILE = Example/Info.plist;
				LD_RUNPATH_SEARCH_PATHS = (
					"$(inherited)",
					"@executable_path/../Frameworks",
				);
				MACOSX_DEPLOYMENT_TARGET = 11.0;
				PRODUCT_BUNDLE_IDENTIFIER = com.jpn.naru.Example;
				PRODUCT_NAME = "$(TARGET_NAME)";
				SWIFT_VERSION = 5.0;
			};
			name = Debug;
		};
		4387499526F5B599006E4651 /* Release */ = {
			isa = XCBuildConfiguration;
			buildSettings = {
				ASSETCATALOG_COMPILER_APPICON_NAME = AppIcon;
				ASSETCATALOG_COMPILER_GLOBAL_ACCENT_COLOR_NAME = AccentColor;
				CODE_SIGN_ENTITLEMENTS = Example/Example.entitlements;
				CODE_SIGN_STYLE = Automatic;
				COMBINE_HIDPI_IMAGES = YES;
				DEVELOPMENT_ASSET_PATHS = "\"Example/Preview Content\"";
				DEVELOPMENT_TEAM = QTG7MUN42X;
				ENABLE_HARDENED_RUNTIME = YES;
				ENABLE_PREVIEWS = YES;
				INFOPLIST_FILE = Example/Info.plist;
				LD_RUNPATH_SEARCH_PATHS = (
					"$(inherited)",
					"@executable_path/../Frameworks",
				);
				MACOSX_DEPLOYMENT_TARGET = 11.0;
				PRODUCT_BUNDLE_IDENTIFIER = com.jpn.naru.Example;
				PRODUCT_NAME = "$(TARGET_NAME)";
				SWIFT_VERSION = 5.0;
			};
			name = Release;
		};
/* End XCBuildConfiguration section */

/* Begin XCConfigurationList section */
		4387497E26F5B598006E4651 /* Build configuration list for PBXProject "Example" */ = {
			isa = XCConfigurationList;
			buildConfigurations = (
				4387499126F5B599006E4651 /* Debug */,
				4387499226F5B599006E4651 /* Release */,
			);
			defaultConfigurationIsVisible = 0;
			defaultConfigurationName = Release;
		};
		4387499326F5B599006E4651 /* Build configuration list for PBXNativeTarget "Example" */ = {
			isa = XCConfigurationList;
			buildConfigurations = (
				4387499426F5B599006E4651 /* Debug */,
				4387499526F5B599006E4651 /* Release */,
			);
			defaultConfigurationIsVisible = 0;
			defaultConfigurationName = Release;
		};
/* End XCConfigurationList section */

/* Begin XCSwiftPackageProductDependency section */
		4387499B26F5C157006E4651 /* Symbolicator */ = {
			isa = XCSwiftPackageProductDependency;
			productName = Symbolicator;
		};
/* End XCSwiftPackageProductDependency section */
	};
	rootObject = 4387497B26F5B598006E4651 /* Project object */;
}
